// !$*UTF8*$!
{
	archiveVersion = 1;
	classes = {
	};
	objectVersion = 50;
	objects = {

/* Begin PBXBuildFile section */
		0967040421BF72DF0056C6AD /* apple-app-site-association in Resources */ = {isa = PBXBuildFile; fileRef = 0967040321BF72DF0056C6AD /* apple-app-site-association */; };
		0967040A21BFB7A90056C6AD /* DeepLinkModel.swift in Sources */ = {isa = PBXBuildFile; fileRef = 0967040921BFB7A90056C6AD /* DeepLinkModel.swift */; };
		0967040D21BFB82D0056C6AD /* DeepLinkVC.swift in Sources */ = {isa = PBXBuildFile; fileRef = 0967040C21BFB82D0056C6AD /* DeepLinkVC.swift */; };
		0967041021BFB8C60056C6AD /* DetailsVC.swift in Sources */ = {isa = PBXBuildFile; fileRef = 0967040F21BFB8C60056C6AD /* DetailsVC.swift */; };
		0967041221BFB8D20056C6AD /* Details.storyboard in Resources */ = {isa = PBXBuildFile; fileRef = 0967041121BFB8D20056C6AD /* Details.storyboard */; };
		0967041421BFBAC80056C6AD /* DeepLink.storyboard in Resources */ = {isa = PBXBuildFile; fileRef = 0967041321BFBAC80056C6AD /* DeepLink.storyboard */; };
		09A58C5721BA78C100C7DB22 /* AppDelegate.swift in Sources */ = {isa = PBXBuildFile; fileRef = 09A58C5621BA78C100C7DB22 /* AppDelegate.swift */; };
		09A58C5921BA78C100C7DB22 /* ViewController.swift in Sources */ = {isa = PBXBuildFile; fileRef = 09A58C5821BA78C100C7DB22 /* ViewController.swift */; };
		09A58C5C21BA78C100C7DB22 /* Main.storyboard in Resources */ = {isa = PBXBuildFile; fileRef = 09A58C5A21BA78C100C7DB22 /* Main.storyboard */; };
		09A58C5E21BA78C300C7DB22 /* Assets.xcassets in Resources */ = {isa = PBXBuildFile; fileRef = 09A58C5D21BA78C300C7DB22 /* Assets.xcassets */; };
		09A58C6121BA78C300C7DB22 /* LaunchScreen.storyboard in Resources */ = {isa = PBXBuildFile; fileRef = 09A58C5F21BA78C300C7DB22 /* LaunchScreen.storyboard */; };
/* End PBXBuildFile section */

/* Begin PBXFileReference section */
		0967040321BF72DF0056C6AD /* apple-app-site-association */ = {isa = PBXFileReference; fileEncoding = 4; lastKnownFileType = text; path = "apple-app-site-association"; sourceTree = "<group>"; };
		0967040921BFB7A90056C6AD /* DeepLinkModel.swift */ = {isa = PBXFileReference; lastKnownFileType = sourcecode.swift; path = DeepLinkModel.swift; sourceTree = "<group>"; };
		0967040C21BFB82D0056C6AD /* DeepLinkVC.swift */ = {isa = PBXFileReference; lastKnownFileType = sourcecode.swift; path = DeepLinkVC.swift; sourceTree = "<group>"; };
		0967040F21BFB8C60056C6AD /* DetailsVC.swift */ = {isa = PBXFileReference; lastKnownFileType = sourcecode.swift; path = DetailsVC.swift; sourceTree = "<group>"; };
		0967041121BFB8D20056C6AD /* Details.storyboard */ = {isa = PBXFileReference; lastKnownFileType = file.storyboard; path = Details.storyboard; sourceTree = "<group>"; };
		0967041321BFBAC80056C6AD /* DeepLink.storyboard */ = {isa = PBXFileReference; lastKnownFileType = file.storyboard; path = DeepLink.storyboard; sourceTree = "<group>"; };
		09A58C5321BA78C100C7DB22 /* universal.app */ = {isa = PBXFileReference; explicitFileType = wrapper.application; includeInIndex = 0; path = universal.app; sourceTree = BUILT_PRODUCTS_DIR; };
		09A58C5621BA78C100C7DB22 /* AppDelegate.swift */ = {isa = PBXFileReference; lastKnownFileType = sourcecode.swift; path = AppDelegate.swift; sourceTree = "<group>"; };
		09A58C5821BA78C100C7DB22 /* ViewController.swift */ = {isa = PBXFileReference; lastKnownFileType = sourcecode.swift; path = ViewController.swift; sourceTree = "<group>"; };
		09A58C5B21BA78C100C7DB22 /* Base */ = {isa = PBXFileReference; lastKnownFileType = file.storyboard; name = Base; path = Base.lproj/Main.storyboard; sourceTree = "<group>"; };
		09A58C5D21BA78C300C7DB22 /* Assets.xcassets */ = {isa = PBXFileReference; lastKnownFileType = folder.assetcatalog; path = Assets.xcassets; sourceTree = "<group>"; };
		09A58C6021BA78C300C7DB22 /* Base */ = {isa = PBXFileReference; lastKnownFileType = file.storyboard; name = Base; path = Base.lproj/LaunchScreen.storyboard; sourceTree = "<group>"; };
		09A58C6221BA78C300C7DB22 /* Info.plist */ = {isa = PBXFileReference; lastKnownFileType = text.plist.xml; path = Info.plist; sourceTree = "<group>"; };
		09A58C6821BA78FC00C7DB22 /* universal.entitlements */ = {isa = PBXFileReference; lastKnownFileType = text.plist.entitlements; path = universal.entitlements; sourceTree = "<group>"; };
/* End PBXFileReference section */

/* Begin PBXFrameworksBuildPhase section */
		09A58C5021BA78C100C7DB22 /* Frameworks */ = {
			isa = PBXFrameworksBuildPhase;
			buildActionMask = 2147483647;
			files = (
			);
			runOnlyForDeploymentPostprocessing = 0;
		};
/* End PBXFrameworksBuildPhase section */

/* Begin PBXGroup section */
		0967040521BFB6F60056C6AD /* Assets */ = {
			isa = PBXGroup;
			children = (
				09A58C5D21BA78C300C7DB22 /* Assets.xcassets */,
				09A58C5A21BA78C100C7DB22 /* Main.storyboard */,
				09A58C5F21BA78C300C7DB22 /* LaunchScreen.storyboard */,
				0967041121BFB8D20056C6AD /* Details.storyboard */,
				0967041321BFBAC80056C6AD /* DeepLink.storyboard */,
			);
			path = Assets;
			sourceTree = "<group>";
		};
		0967040621BFB7050056C6AD /* Config */ = {
			isa = PBXGroup;
			children = (
				0967040321BF72DF0056C6AD /* apple-app-site-association */,
				09A58C5621BA78C100C7DB22 /* AppDelegate.swift */,
			);
			path = Config;
			sourceTree = "<group>";
		};
		0967040721BFB7210056C6AD /* Home */ = {
			isa = PBXGroup;
			children = (
				09A58C5821BA78C100C7DB22 /* ViewController.swift */,
			);
			path = Home;
			sourceTree = "<group>";
		};
		0967040821BFB7880056C6AD /* Model */ = {
			isa = PBXGroup;
			children = (
				0967040921BFB7A90056C6AD /* DeepLinkModel.swift */,
			);
			path = Model;
			sourceTree = "<group>";
		};
		0967040B21BFB7DB0056C6AD /* Deep Link */ = {
			isa = PBXGroup;
			children = (
				0967040821BFB7880056C6AD /* Model */,
				0967040C21BFB82D0056C6AD /* DeepLinkVC.swift */,
			);
			path = "Deep Link";
			sourceTree = "<group>";
		};
		0967040E21BFB8B60056C6AD /* Details */ = {
			isa = PBXGroup;
			children = (
				0967040F21BFB8C60056C6AD /* DetailsVC.swift */,
			);
			path = Details;
			sourceTree = "<group>";
		};
		09A58C4A21BA78C100C7DB22 = {
			isa = PBXGroup;
			children = (
				09A58C5521BA78C100C7DB22 /* universal */,
				09A58C5421BA78C100C7DB22 /* Products */,
			);
			sourceTree = "<group>";
		};
		09A58C5421BA78C100C7DB22 /* Products */ = {
			isa = PBXGroup;
			children = (
				09A58C5321BA78C100C7DB22 /* universal.app */,
			);
			name = Products;
			sourceTree = "<group>";
		};
		09A58C5521BA78C100C7DB22 /* universal */ = {
			isa = PBXGroup;
			children = (
				09A58C6821BA78FC00C7DB22 /* universal.entitlements */,
				09A58C6221BA78C300C7DB22 /* Info.plist */,
				0967040721BFB7210056C6AD /* Home */,
				0967040B21BFB7DB0056C6AD /* Deep Link */,
				0967040E21BFB8B60056C6AD /* Details */,
				0967040621BFB7050056C6AD /* Config */,
				0967040521BFB6F60056C6AD /* Assets */,
			);
			path = universal;
			sourceTree = "<group>";
		};
/* End PBXGroup section */

/* Begin PBXNativeTarget section */
		09A58C5221BA78C100C7DB22 /* universal */ = {
			isa = PBXNativeTarget;
			buildConfigurationList = 09A58C6521BA78C300C7DB22 /* Build configuration list for PBXNativeTarget "universal" */;
			buildPhases = (
				09A58C4F21BA78C100C7DB22 /* Sources */,
				09A58C5021BA78C100C7DB22 /* Frameworks */,
				09A58C5121BA78C100C7DB22 /* Resources */,
			);
			buildRules = (
			);
			dependencies = (
			);
			name = universal;
			productName = universal;
			productReference = 09A58C5321BA78C100C7DB22 /* universal.app */;
			productType = "com.apple.product-type.application";
		};
/* End PBXNativeTarget section */

/* Begin PBXProject section */
		09A58C4B21BA78C100C7DB22 /* Project object */ = {
			isa = PBXProject;
			attributes = {
				LastSwiftUpdateCheck = 0940;
				LastUpgradeCheck = 0940;
				ORGANIZATIONNAME = "IRFAN TRIHANDOKO";
				TargetAttributes = {
					09A58C5221BA78C100C7DB22 = {
						CreatedOnToolsVersion = 9.4;
						SystemCapabilities = {
							com.apple.SafariKeychain = {
								enabled = 1;
							};
						};
					};
				};
			};
			buildConfigurationList = 09A58C4E21BA78C100C7DB22 /* Build configuration list for PBXProject "universal" */;
			compatibilityVersion = "Xcode 9.3";
			developmentRegion = en;
			hasScannedForEncodings = 0;
			knownRegions = (
				en,
				Base,
			);
			mainGroup = 09A58C4A21BA78C100C7DB22;
			productRefGroup = 09A58C5421BA78C100C7DB22 /* Products */;
			projectDirPath = "";
			projectRoot = "";
			targets = (
				09A58C5221BA78C100C7DB22 /* universal */,
			);
		};
/* End PBXProject section */

/* Begin PBXResourcesBuildPhase section */
		09A58C5121BA78C100C7DB22 /* Resources */ = {
			isa = PBXResourcesBuildPhase;
			buildActionMask = 2147483647;
			files = (
				0967041221BFB8D20056C6AD /* Details.storyboard in Resources */,
				09A58C6121BA78C300C7DB22 /* LaunchScreen.storyboard in Resources */,
				09A58C5E21BA78C300C7DB22 /* Assets.xcassets in Resources */,
				0967040421BF72DF0056C6AD /* apple-app-site-association in Resources */,
				09A58C5C21BA78C100C7DB22 /* Main.storyboard in Resources */,
				0967041421BFBAC80056C6AD /* DeepLink.storyboard in Resources */,
			);
			runOnlyForDeploymentPostprocessing = 0;
		};
/* End PBXResourcesBuildPhase section */

/* Begin PBXSourcesBuildPhase section */
		09A58C4F21BA78C100C7DB22 /* Sources */ = {
			isa = PBXSourcesBuildPhase;
			buildActionMask = 2147483647;
			files = (
				09A58C5921BA78C100C7DB22 /* ViewController.swift in Sources */,
				0967040D21BFB82D0056C6AD /* DeepLinkVC.swift in Sources */,
				0967040A21BFB7A90056C6AD /* DeepLinkModel.swift in Sources */,
				09A58C5721BA78C100C7DB22 /* AppDelegate.swift in Sources */,
				0967041021BFB8C60056C6AD /* DetailsVC.swift in Sources */,
			);
			runOnlyForDeploymentPostprocessing = 0;
		};
/* End PBXSourcesBuildPhase section */

/* Begin PBXVariantGroup section */
		09A58C5A21BA78C100C7DB22 /* Main.storyboard */ = {
			isa = PBXVariantGroup;
			children = (
				09A58C5B21BA78C100C7DB22 /* Base */,
			);
			name = Main.storyboard;
			sourceTree = "<group>";
		};
		09A58C5F21BA78C300C7DB22 /* LaunchScreen.storyboard */ = {
			isa = PBXVariantGroup;
			children = (
				09A58C6021BA78C300C7DB22 /* Base */,
			);
			name = LaunchScreen.storyboard;
			sourceTree = "<group>";
		};
/* End PBXVariantGroup section */

/* Begin XCBuildConfiguration section */
		09A58C6321BA78C300C7DB22 /* Debug */ = {
			isa = XCBuildConfiguration;
			buildSettings = {
				ALWAYS_SEARCH_USER_PATHS = NO;
				CLANG_ANALYZER_NONNULL = YES;
				CLANG_ANALYZER_NUMBER_OBJECT_CONVERSION = YES_AGGRESSIVE;
				CLANG_CXX_LANGUAGE_STANDARD = "gnu++14";
				CLANG_CXX_LIBRARY = "libc++";
				CLANG_ENABLE_MODULES = YES;
				CLANG_ENABLE_OBJC_ARC = YES;
				CLANG_ENABLE_OBJC_WEAK = YES;
				CLANG_WARN_BLOCK_CAPTURE_AUTORELEASING = YES;
				CLANG_WARN_BOOL_CONVERSION = YES;
				CLANG_WARN_COMMA = YES;
				CLANG_WARN_CONSTANT_CONVERSION = YES;
				CLANG_WARN_DEPRECATED_OBJC_IMPLEMENTATIONS = YES;
				CLANG_WARN_DIRECT_OBJC_ISA_USAGE = YES_ERROR;
				CLANG_WARN_DOCUMENTATION_COMMENTS = YES;
				CLANG_WARN_EMPTY_BODY = YES;
				CLANG_WARN_ENUM_CONVERSION = YES;
				CLANG_WARN_INFINITE_RECURSION = YES;
				CLANG_WARN_INT_CONVERSION = YES;
				CLANG_WARN_NON_LITERAL_NULL_CONVERSION = YES;
				CLANG_WARN_OBJC_IMPLICIT_RETAIN_SELF = YES;
				CLANG_WARN_OBJC_LITERAL_CONVERSION = YES;
				CLANG_WARN_OBJC_ROOT_CLASS = YES_ERROR;
				CLANG_WARN_RANGE_LOOP_ANALYSIS = YES;
				CLANG_WARN_STRICT_PROTOTYPES = YES;
				CLANG_WARN_SUSPICIOUS_MOVE = YES;
				CLANG_WARN_UNGUARDED_AVAILABILITY = YES_AGGRESSIVE;
				CLANG_WARN_UNREACHABLE_CODE = YES;
				CLANG_WARN__DUPLICATE_METHOD_MATCH = YES;
				CODE_SIGN_IDENTITY = "iPhone Developer";
				COPY_PHASE_STRIP = NO;
				DEBUG_INFORMATION_FORMAT = dwarf;
				ENABLE_STRICT_OBJC_MSGSEND = YES;
				ENABLE_TESTABILITY = YES;
				GCC_C_LANGUAGE_STANDARD = gnu11;
				GCC_DYNAMIC_NO_PIC = NO;
				GCC_NO_COMMON_BLOCKS = YES;
				GCC_OPTIMIZATION_LEVEL = 0;
				GCC_PREPROCESSOR_DEFINITIONS = (
					"DEBUG=1",
					"$(inherited)",
				);
				GCC_WARN_64_TO_32_BIT_CONVERSION = YES;
				GCC_WARN_ABOUT_RETURN_TYPE = YES_ERROR;
				GCC_WARN_UNDECLARED_SELECTOR = YES;
				GCC_WARN_UNINITIALIZED_AUTOS = YES_AGGRESSIVE;
				GCC_WARN_UNUSED_FUNCTION = YES;
				GCC_WARN_UNUSED_VARIABLE = YES;
				IPHONEOS_DEPLOYMENT_TARGET = 11.4;
				MTL_ENABLE_DEBUG_INFO = YES;
				ONLY_ACTIVE_ARCH = YES;
				SDKROOT = iphoneos;
				SWIFT_ACTIVE_COMPILATION_CONDITIONS = DEBUG;
				SWIFT_OPTIMIZATION_LEVEL = "-Onone";
			};
			name = Debug;
		};
		09A58C6421BA78C300C7DB22 /* Release */ = {
			isa = XCBuildConfiguration;
			buildSettings = {
				ALWAYS_SEARCH_USER_PATHS = NO;
				CLANG_ANALYZER_NONNULL = YES;
				CLANG_ANALYZER_NUMBER_OBJECT_CONVERSION = YES_AGGRESSIVE;
				CLANG_CXX_LANGUAGE_STANDARD = "gnu++14";
				CLANG_CXX_LIBRARY = "libc++";
				CLANG_ENABLE_MODULES = YES;
				CLANG_ENABLE_OBJC_ARC = YES;
				CLANG_ENABLE_OBJC_WEAK = YES;
				CLANG_WARN_BLOCK_CAPTURE_AUTORELEASING = YES;
				CLANG_WARN_BOOL_CONVERSION = YES;
				CLANG_WARN_COMMA = YES;
				CLANG_WARN_CONSTANT_CONVERSION = YES;
				CLANG_WARN_DEPRECATED_OBJC_IMPLEMENTATIONS = YES;
				CLANG_WARN_DIRECT_OBJC_ISA_USAGE = YES_ERROR;
				CLANG_WARN_DOCUMENTATION_COMMENTS = YES;
				CLANG_WARN_EMPTY_BODY = YES;
				CLANG_WARN_ENUM_CONVERSION = YES;
				CLANG_WARN_INFINITE_RECURSION = YES;
				CLANG_WARN_INT_CONVERSION = YES;
				CLANG_WARN_NON_LITERAL_NULL_CONVERSION = YES;
				CLANG_WARN_OBJC_IMPLICIT_RETAIN_SELF = YES;
				CLANG_WARN_OBJC_LITERAL_CONVERSION = YES;
				CLANG_WARN_OBJC_ROOT_CLASS = YES_ERROR;
				CLANG_WARN_RANGE_LOOP_ANALYSIS = YES;
				CLANG_WARN_STRICT_PROTOTYPES = YES;
				CLANG_WARN_SUSPICIOUS_MOVE = YES;
				CLANG_WARN_UNGUARDED_AVAILABILITY = YES_AGGRESSIVE;
				CLANG_WARN_UNREACHABLE_CODE = YES;
				CLANG_WARN__DUPLICATE_METHOD_MATCH = YES;
				CODE_SIGN_IDENTITY = "iPhone Developer";
				COPY_PHASE_STRIP = NO;
				DEBUG_INFORMATION_FORMAT = "dwarf-with-dsym";
				ENABLE_NS_ASSERTIONS = NO;
				ENABLE_STRICT_OBJC_MSGSEND = YES;
				GCC_C_LANGUAGE_STANDARD = gnu11;
				GCC_NO_COMMON_BLOCKS = YES;
				GCC_WARN_64_TO_32_BIT_CONVERSION = YES;
				GCC_WARN_ABOUT_RETURN_TYPE = YES_ERROR;
				GCC_WARN_UNDECLARED_SELECTOR = YES;
				GCC_WARN_UNINITIALIZED_AUTOS = YES_AGGRESSIVE;
				GCC_WARN_UNUSED_FUNCTION = YES;
				GCC_WARN_UNUSED_VARIABLE = YES;
				IPHONEOS_DEPLOYMENT_TARGET = 11.4;
				MTL_ENABLE_DEBUG_INFO = NO;
				SDKROOT = iphoneos;
				SWIFT_COMPILATION_MODE = wholemodule;
				SWIFT_OPTIMIZATION_LEVEL = "-O";
				VALIDATE_PRODUCT = YES;
			};
			name = Release;
		};
		09A58C6621BA78C300C7DB22 /* Debug */ = {
			isa = XCBuildConfiguration;
			buildSettings = {
				ASSETCATALOG_COMPILER_APPICON_NAME = AppIcon;
				CODE_SIGN_ENTITLEMENTS = universal/universal.entitlements;
				CODE_SIGN_IDENTITY = "iPhone Developer";
				CODE_SIGN_STYLE = Automatic;
				DEVELOPMENT_TEAM = P53KJ6MXZH;
				INFOPLIST_FILE = universal/Info.plist;
				IPHONEOS_DEPLOYMENT_TARGET = 9.0;
				LD_RUNPATH_SEARCH_PATHS = (
					"$(inherited)",
					"@executable_path/Frameworks",
				);
				PRODUCT_BUNDLE_IDENTIFIER = com.gits.universal;
				PRODUCT_NAME = "$(TARGET_NAME)";
				PROVISIONING_PROFILE = "";
				PROVISIONING_PROFILE_SPECIFIER = "";
				SWIFT_VERSION = 4.0;
				TARGETED_DEVICE_FAMILY = "1,2";
			};
			name = Debug;
		};
		09A58C6721BA78C300C7DB22 /* Release */ = {
			isa = XCBuildConfiguration;
			buildSettings = {
				ASSETCATALOG_COMPILER_APPICON_NAME = AppIcon;
				CODE_SIGN_ENTITLEMENTS = universal/universal.entitlements;
				CODE_SIGN_IDENTITY = "iPhone Developer";
				CODE_SIGN_STYLE = Automatic;
				DEVELOPMENT_TEAM = P53KJ6MXZH;
				INFOPLIST_FILE = universal/Info.plist;
				IPHONEOS_DEPLOYMENT_TARGET = 9.0;
				LD_RUNPATH_SEARCH_PATHS = (
					"$(inherited)",
					"@executable_path/Frameworks",
				);
				PRODUCT_BUNDLE_IDENTIFIER = com.gits.universal;
				PRODUCT_NAME = "$(TARGET_NAME)";
				PROVISIONING_PROFILE = "";
				PROVISIONING_PROFILE_SPECIFIER = "";
				SWIFT_VERSION = 4.0;
				TARGETED_DEVICE_FAMILY = "1,2";
			};
			name = Release;
		};
/* End XCBuildConfiguration section */

/* Begin XCConfigurationList section */
		09A58C4E21BA78C100C7DB22 /* Build configuration list for PBXProject "universal" */ = {
			isa = XCConfigurationList;
			buildConfigurations = (
				09A58C6321BA78C300C7DB22 /* Debug */,
				09A58C6421BA78C300C7DB22 /* Release */,
			);
			defaultConfigurationIsVisible = 0;
			defaultConfigurationName = Release;
		};
		09A58C6521BA78C300C7DB22 /* Build configuration list for PBXNativeTarget "universal" */ = {
			isa = XCConfigurationList;
			buildConfigurations = (
				09A58C6621BA78C300C7DB22 /* Debug */,
				09A58C6721BA78C300C7DB22 /* Release */,
			);
			defaultConfigurationIsVisible = 0;
			defaultConfigurationName = Release;
		};
/* End XCConfigurationList section */
	};
	rootObject = 09A58C4B21BA78C100C7DB22 /* Project object */;
}
